
Microsoft Visual Studio Solution File, Format Version 12.00
# Visual Studio Version 16
VisualStudioVersion = 16.0.30114.105
MinimumVisualStudioVersion = 10.0.40219.1
Project("{FAE04EC0-301F-11D3-BF4B-00C04F79EFBC}") = "App", "App\App.csproj", "{CC12D027-B5F3-4E0B-BD25-E2A45DF01BD1}"
EndProject
Project("{FAE04EC0-301F-11D3-BF4B-00C04F79EFBC}") = "Tests", "Tests\Tests.csproj", "{373466C2-4C87-42DE-8B58-C616B7FB4395}"
EndProject
Global
	GlobalSection(SolutionConfigurationPlatforms) = preSolution
		Debug|Any CPU = Debug|Any CPU
		Release|Any CPU = Release|Any CPU
	EndGlobalSection
	GlobalSection(SolutionProperties) = preSolution
		HideSolutionNode = FALSE
	EndGlobalSection
	GlobalSection(ProjectConfigurationPlatforms) = postSolution
		{CC12D027-B5F3-4E0B-BD25-E2A45DF01BD1}.Debug|Any CPU.ActiveCfg = Debug|Any CPU
		{CC12D027-B5F3-4E0B-BD25-E2A45DF01BD1}.Debug|Any CPU.Build.0 = Debug|Any CPU
		{CC12D027-B5F3-4E0B-BD25-E2A45DF01BD1}.Release|Any CPU.ActiveCfg = Release|Any CPU
		{CC12D027-B5F3-4E0B-BD25-E2A45DF01BD1}.Release|Any CPU.Build.0 = Release|Any CPU
		{373466C2-4C87-42DE-8B58-C616B7FB4395}.Debug|Any CPU.ActiveCfg = Debug|Any CPU
		{373466C2-4C87-42DE-8B58-C616B7FB4395}.Debug|Any CPU.Build.0 = Debug|Any CPU
		{373466C2-4C87-42DE-8B58-C616B7FB4395}.Release|Any CPU.ActiveCfg = Release|Any CPU
		{373466C2-4C87-42DE-8B58-C616B7FB4395}.Release|Any CPU.Build.0 = Release|Any CPU
	EndGlobalSection
EndGlobal
